github.com/Sirupsen/logrus #d1c2d610bd8d921fcffc4791c204eafa634e2956
github.com/armon/consul-api #3f6088258421750d48dfdbdbf19660ad57bd38c7
github.com/xconstruct/go-pushbullet #a5ff30b38950feb30ffc2756305df5149cbacd78
github.com/andybons/hipchat #08bf65eade11bf8d584e933d01a35c2799c36ff4
github.com/shirou/gopsutil #594816dd1f95ca4673bf467384a54e2116c76bf8
github.com/influxdb/influxdb/client #63cc69f1dfb12f35ad8a3e4fb4b1115d3a1edc91
github.com/codegangsta/cli #aa19913be3107ab75ea67a5a88d667d62a69dbbd
